// !$*UTF8*$!
{
	archiveVersion = 1;
	classes = {
	};
	objectVersion = 77;
	objects = {

/* Begin PBXBuildFile section */
		F736C4BC2D86208300248303 /* SwiftBridgeCore.swift in Sources */ = {isa = PBXBuildFile; fileRef = F736C4A92D86206800248303 /* SwiftBridgeCore.swift */; };
		F736C4BD2D86208800248303 /* SwiftBridgeCore.h in Headers */ = {isa = PBXBuildFile; fileRef = F736C4A82D86206800248303 /* SwiftBridgeCore.h */; settings = {ATTRIBUTES = (Public, ); }; };
		F736C4BE2D86209100248303 /* respot_swift_gen.swift in Sources */ = {isa = PBXBuildFile; fileRef = F736C4A62D86206800248303 /* respot_swift_gen.swift */; };
		F736C4BF2D86209600248303 /* respot_swift_gen.h in Headers */ = {isa = PBXBuildFile; fileRef = F736C4A52D86206800248303 /* respot_swift_gen.h */; settings = {ATTRIBUTES = (Public, ); }; };
		F736C4C02D8620B500248303 /* librespot_swift_gen.a in Frameworks */ = {isa = PBXBuildFile; fileRef = F736C4BB2D86206800248303 /* librespot_swift_gen.a */; };
		F759937B2D7E481400ACB3ED /* AudioUnit.framework in Frameworks */ = {isa = PBXBuildFile; fileRef = F759937A2D7E481400ACB3ED /* AudioUnit.framework */; };
		F759937D2D7E481B00ACB3ED /* CoreAudio.framework in Frameworks */ = {isa = PBXBuildFile; fileRef = F759937C2D7E481B00ACB3ED /* CoreAudio.framework */; };
		F759937F2D7E482600ACB3ED /* SystemConfiguration.framework in Frameworks */ = {isa = PBXBuildFile; fileRef = F759937E2D7E482600ACB3ED /* SystemConfiguration.framework */; };
		F759B7FB2D7E80D700ACB3ED /* LibrespotIOSProgressView.swift in Sources */ = {isa = PBXBuildFile; fileRef = F759B7EF2D7E80D700ACB3ED /* LibrespotIOSProgressView.swift */; };
		F759B7FC2D7E80D700ACB3ED /* LibrespotIOSAuthViewController.swift in Sources */ = {isa = PBXBuildFile; fileRef = F759B7EE2D7E80D700ACB3ED /* LibrespotIOSAuthViewController.swift */; };
		F759B7FD2D7E80D700ACB3ED /* LibrespotIOSWebViewController.swift in Sources */ = {isa = PBXBuildFile; fileRef = F759B7F02D7E80D700ACB3ED /* LibrespotIOSWebViewController.swift */; };
		F759B7FE2D7E80D700ACB3ED /* LibrespotPlayerEvents.swift in Sources */ = {isa = PBXBuildFile; fileRef = F759B7F72D7E80D700ACB3ED /* LibrespotPlayerEvents.swift */; };
		F759B7FF2D7E80D700ACB3ED /* LibrespotLoginOptions.swift in Sources */ = {isa = PBXBuildFile; fileRef = F759B7F62D7E80D700ACB3ED /* LibrespotLoginOptions.swift */; };
		F759B8002D7E80D700ACB3ED /* LibrespotSession.swift in Sources */ = {isa = PBXBuildFile; fileRef = F759B7F82D7E80D700ACB3ED /* LibrespotSession.swift */; };
		F759B8012D7E80D700ACB3ED /* LibrespotError+Error.swift in Sources */ = {isa = PBXBuildFile; fileRef = F759B7F52D7E80D700ACB3ED /* LibrespotError+Error.swift */; };
		F759B8022D7E80D700ACB3ED /* LibrespotUtils.swift in Sources */ = {isa = PBXBuildFile; fileRef = F759B7F92D7E80D700ACB3ED /* LibrespotUtils.swift */; };
		F759B8032D7E80D700ACB3ED /* LibrespotAuth.swift in Sources */ = {isa = PBXBuildFile; fileRef = F759B7F42D7E80D700ACB3ED /* LibrespotAuth.swift */; };
		F759B8042D7E80D700ACB3ED /* Librespot.swift in Sources */ = {isa = PBXBuildFile; fileRef = F759B7F32D7E80D700ACB3ED /* Librespot.swift */; };
/* End PBXBuildFile section */

/* Begin PBXContainerItemProxy section */
		F736C4BA2D86206800248303 /* PBXContainerItemProxy */ = {
			isa = PBXContainerItemProxy;
			containerPortal = F736C4B42D86206800248303 /* respot_swift_gen.xcodeproj */;
			proxyType = 2;
			remoteGlobalIDString = CA00D104C0926D63D56A5ED7;
			remoteInfo = "respot_swift_gen.a (static library)";
		};
		F736C4C12D8620BA00248303 /* PBXContainerItemProxy */ = {
			isa = PBXContainerItemProxy;
			containerPortal = F736C4B42D86206800248303 /* respot_swift_gen.xcodeproj */;
			proxyType = 1;
			remoteGlobalIDString = CA00D104C092607AA7E0C987;
			remoteInfo = "respot_swift_gen.a (static library)";
		};
/* End PBXContainerItemProxy section */

/* Begin PBXCopyFilesBuildPhase section */
		F75993932D7E4B1C00ACB3ED /* Embed Frameworks */ = {
			isa = PBXCopyFilesBuildPhase;
			buildActionMask = 2147483647;
			dstPath = "";
			dstSubfolderSpec = 10;
			files = (
			);
			name = "Embed Frameworks";
			runOnlyForDeploymentPostprocessing = 0;
		};
/* End PBXCopyFilesBuildPhase section */

/* Begin PBXFileReference section */
		F736C4A52D86206800248303 /* respot_swift_gen.h */ = {isa = PBXFileReference; lastKnownFileType = sourcecode.c.h; path = respot_swift_gen.h; sourceTree = "<group>"; };
		F736C4A62D86206800248303 /* respot_swift_gen.swift */ = {isa = PBXFileReference; lastKnownFileType = sourcecode.swift; path = respot_swift_gen.swift; sourceTree = "<group>"; };
		F736C4A82D86206800248303 /* SwiftBridgeCore.h */ = {isa = PBXFileReference; lastKnownFileType = sourcecode.c.h; path = SwiftBridgeCore.h; sourceTree = "<group>"; };
		F736C4A92D86206800248303 /* SwiftBridgeCore.swift */ = {isa = PBXFileReference; lastKnownFileType = sourcecode.swift; path = SwiftBridgeCore.swift; sourceTree = "<group>"; };
		F736C4AB2D86206800248303 /* librespot_swift_gen.h */ = {isa = PBXFileReference; lastKnownFileType = sourcecode.c.h; path = librespot_swift_gen.h; sourceTree = "<group>"; };
		F736C4AD2D86206800248303 /* lib.rs */ = {isa = PBXFileReference; lastKnownFileType = text; path = lib.rs; sourceTree = "<group>"; };
		F736C4AF2D86206800248303 /* .gitignore */ = {isa = PBXFileReference; lastKnownFileType = text; path = .gitignore; sourceTree = "<group>"; };
		F736C4B02D86206800248303 /* build.rs */ = {isa = PBXFileReference; lastKnownFileType = text; path = build.rs; sourceTree = "<group>"; };
		F736C4B12D86206800248303 /* Cargo.lock */ = {isa = PBXFileReference; lastKnownFileType = text; path = Cargo.lock; sourceTree = "<group>"; };
		F736C4B22D86206800248303 /* Cargo.toml */ = {isa = PBXFileReference; lastKnownFileType = text; path = Cargo.toml; sourceTree = "<group>"; };
		F736C4B32D86206800248303 /* Makefile */ = {isa = PBXFileReference; lastKnownFileType = sourcecode.make; path = Makefile; sourceTree = "<group>"; };
		F736C4B42D86206800248303 /* respot_swift_gen.xcodeproj */ = {isa = PBXFileReference; lastKnownFileType = "wrapper.pb-project"; path = respot_swift_gen.xcodeproj; sourceTree = "<group>"; };
		F736C4B52D86206800248303 /* rust-toolchain.toml */ = {isa = PBXFileReference; lastKnownFileType = text; path = "rust-toolchain.toml"; sourceTree = "<group>"; };
		F759937A2D7E481400ACB3ED /* AudioUnit.framework */ = {isa = PBXFileReference; lastKnownFileType = wrapper.framework; name = AudioUnit.framework; path = Platforms/iPhoneOS.platform/Developer/SDKs/iPhoneOS18.2.sdk/System/Library/Frameworks/AudioUnit.framework; sourceTree = DEVELOPER_DIR; };
		F759937C2D7E481B00ACB3ED /* CoreAudio.framework */ = {isa = PBXFileReference; lastKnownFileType = wrapper.framework; name = CoreAudio.framework; path = Platforms/iPhoneOS.platform/Developer/SDKs/iPhoneOS18.2.sdk/System/Library/Frameworks/CoreAudio.framework; sourceTree = DEVELOPER_DIR; };
		F759937E2D7E482600ACB3ED /* SystemConfiguration.framework */ = {isa = PBXFileReference; lastKnownFileType = wrapper.framework; name = SystemConfiguration.framework; path = Platforms/iPhoneOS.platform/Developer/SDKs/iPhoneOS18.2.sdk/System/Library/Frameworks/SystemConfiguration.framework; sourceTree = DEVELOPER_DIR; };
		F759B7EE2D7E80D700ACB3ED /* LibrespotIOSAuthViewController.swift */ = {isa = PBXFileReference; lastKnownFileType = sourcecode.swift; path = LibrespotIOSAuthViewController.swift; sourceTree = "<group>"; };
		F759B7EF2D7E80D700ACB3ED /* LibrespotIOSProgressView.swift */ = {isa = PBXFileReference; lastKnownFileType = sourcecode.swift; path = LibrespotIOSProgressView.swift; sourceTree = "<group>"; };
		F759B7F02D7E80D700ACB3ED /* LibrespotIOSWebViewController.swift */ = {isa = PBXFileReference; lastKnownFileType = sourcecode.swift; path = LibrespotIOSWebViewController.swift; sourceTree = "<group>"; };
		F759B7F32D7E80D700ACB3ED /* Librespot.swift */ = {isa = PBXFileReference; lastKnownFileType = sourcecode.swift; path = Librespot.swift; sourceTree = "<group>"; };
		F759B7F42D7E80D700ACB3ED /* LibrespotAuth.swift */ = {isa = PBXFileReference; lastKnownFileType = sourcecode.swift; path = LibrespotAuth.swift; sourceTree = "<group>"; };
		F759B7F52D7E80D700ACB3ED /* LibrespotError+Error.swift */ = {isa = PBXFileReference; lastKnownFileType = sourcecode.swift; path = "LibrespotError+Error.swift"; sourceTree = "<group>"; };
		F759B7F62D7E80D700ACB3ED /* LibrespotLoginOptions.swift */ = {isa = PBXFileReference; lastKnownFileType = sourcecode.swift; path = LibrespotLoginOptions.swift; sourceTree = "<group>"; };
		F759B7F72D7E80D700ACB3ED /* LibrespotPlayerEvents.swift */ = {isa = PBXFileReference; lastKnownFileType = sourcecode.swift; path = LibrespotPlayerEvents.swift; sourceTree = "<group>"; };
		F759B7F82D7E80D700ACB3ED /* LibrespotSession.swift */ = {isa = PBXFileReference; lastKnownFileType = sourcecode.swift; path = LibrespotSession.swift; sourceTree = "<group>"; };
		F759B7F92D7E80D700ACB3ED /* LibrespotUtils.swift */ = {isa = PBXFileReference; lastKnownFileType = sourcecode.swift; path = LibrespotUtils.swift; sourceTree = "<group>"; };
		F7E12EFD2D7DF9D0005E295E /* LibrespotSwift.framework */ = {isa = PBXFileReference; explicitFileType = wrapper.framework; includeInIndex = 0; path = LibrespotSwift.framework; sourceTree = BUILT_PRODUCTS_DIR; };
/* End PBXFileReference section */

/* Begin PBXFileSystemSynchronizedBuildFileExceptionSet section */
		F7E12F042D7DF9D0005E295E /* Exceptions for "LibrespotSwift" folder in "LibrespotSwift" target */ = {
			isa = PBXFileSystemSynchronizedBuildFileExceptionSet;
			publicHeaders = (
				LibrespotSwift.h,
			);
			target = F7E12EFC2D7DF9D0005E295E /* LibrespotSwift */;
		};
/* End PBXFileSystemSynchronizedBuildFileExceptionSet section */

/* Begin PBXFileSystemSynchronizedRootGroup section */
		F7E12EFF2D7DF9D0005E295E /* LibrespotSwift */ = {
			isa = PBXFileSystemSynchronizedRootGroup;
			exceptions = (
				F7E12F042D7DF9D0005E295E /* Exceptions for "LibrespotSwift" folder in "LibrespotSwift" target */,
			);
			path = LibrespotSwift;
			sourceTree = "<group>";
		};
/* End PBXFileSystemSynchronizedRootGroup section */

/* Begin PBXFrameworksBuildPhase section */
		F7E12EFA2D7DF9D0005E295E /* Frameworks */ = {
			isa = PBXFrameworksBuildPhase;
			buildActionMask = 2147483647;
			files = (
				F736C4C02D8620B500248303 /* librespot_swift_gen.a in Frameworks */,
				F759937D2D7E481B00ACB3ED /* CoreAudio.framework in Frameworks */,
				F759937F2D7E482600ACB3ED /* SystemConfiguration.framework in Frameworks */,
				F759937B2D7E481400ACB3ED /* AudioUnit.framework in Frameworks */,
			);
			runOnlyForDeploymentPostprocessing = 0;
		};
/* End PBXFrameworksBuildPhase section */

/* Begin PBXGroup section */
		F736C4A72D86206800248303 /* respot_swift_gen */ = {
			isa = PBXGroup;
			children = (
				F736C4A52D86206800248303 /* respot_swift_gen.h */,
				F736C4A62D86206800248303 /* respot_swift_gen.swift */,
			);
			path = respot_swift_gen;
			sourceTree = "<group>";
		};
		F736C4AA2D86206800248303 /* generated */ = {
			isa = PBXGroup;
			children = (
				F736C4A72D86206800248303 /* respot_swift_gen */,
				F736C4A82D86206800248303 /* SwiftBridgeCore.h */,
				F736C4A92D86206800248303 /* SwiftBridgeCore.swift */,
			);
			path = generated;
			sourceTree = "<group>";
		};
		F736C4AC2D86206800248303 /* include */ = {
			isa = PBXGroup;
			children = (
				F736C4AB2D86206800248303 /* librespot_swift_gen.h */,
			);
			path = include;
			sourceTree = "<group>";
		};
		F736C4AE2D86206800248303 /* src */ = {
			isa = PBXGroup;
			children = (
				F736C4AD2D86206800248303 /* lib.rs */,
			);
			path = src;
			sourceTree = "<group>";
		};
		F736C4B62D86206800248303 /* rust */ = {
			isa = PBXGroup;
			children = (
				F736C4AA2D86206800248303 /* generated */,
				F736C4AC2D86206800248303 /* include */,
				F736C4AE2D86206800248303 /* src */,
				F736C4AF2D86206800248303 /* .gitignore */,
				F736C4B02D86206800248303 /* build.rs */,
				F736C4B12D86206800248303 /* Cargo.lock */,
				F736C4B22D86206800248303 /* Cargo.toml */,
				F736C4B32D86206800248303 /* Makefile */,
				F736C4B42D86206800248303 /* respot_swift_gen.xcodeproj */,
				F736C4B52D86206800248303 /* rust-toolchain.toml */,
			);
			name = rust;
			path = ../rust;
			sourceTree = SOURCE_ROOT;
		};
		F736C4B72D86206800248303 /* Products */ = {
			isa = PBXGroup;
			children = (
				F736C4BB2D86206800248303 /* librespot_swift_gen.a */,
			);
			name = Products;
			sourceTree = "<group>";
		};
		F759B7F12D7E80D700ACB3ED /* ios */ = {
			isa = PBXGroup;
			children = (
				F759B7EE2D7E80D700ACB3ED /* LibrespotIOSAuthViewController.swift */,
				F759B7EF2D7E80D700ACB3ED /* LibrespotIOSProgressView.swift */,
				F759B7F02D7E80D700ACB3ED /* LibrespotIOSWebViewController.swift */,
			);
			path = ios;
			sourceTree = "<group>";
		};
		F759B7F22D7E80D700ACB3ED /* ui */ = {
			isa = PBXGroup;
			children = (
				F759B7F12D7E80D700ACB3ED /* ios */,
			);
			path = ui;
			sourceTree = "<group>";
		};
		F759B7FA2D7E80D700ACB3ED /* src */ = {
			isa = PBXGroup;
			children = (
				F759B7F22D7E80D700ACB3ED /* ui */,
				F759B7F32D7E80D700ACB3ED /* Librespot.swift */,
				F759B7F42D7E80D700ACB3ED /* LibrespotAuth.swift */,
				F759B7F52D7E80D700ACB3ED /* LibrespotError+Error.swift */,
				F759B7F62D7E80D700ACB3ED /* LibrespotLoginOptions.swift */,
				F759B7F72D7E80D700ACB3ED /* LibrespotPlayerEvents.swift */,
				F759B7F82D7E80D700ACB3ED /* LibrespotSession.swift */,
				F759B7F92D7E80D700ACB3ED /* LibrespotUtils.swift */,
			);
			name = src;
			path = ../src;
			sourceTree = SOURCE_ROOT;
		};
		F7E12EF32D7DF9D0005E295E = {
			isa = PBXGroup;
			children = (
				F7E12EFF2D7DF9D0005E295E /* LibrespotSwift */,
				F759B7FA2D7E80D700ACB3ED /* src */,
				F736C4B62D86206800248303 /* rust */,
				F7E1B4B52D7E11ED005E295E /* Frameworks */,
				F7E12EFE2D7DF9D0005E295E /* Products */,
			);
			sourceTree = "<group>";
		};
		F7E12EFE2D7DF9D0005E295E /* Products */ = {
			isa = PBXGroup;
			children = (
				F7E12EFD2D7DF9D0005E295E /* LibrespotSwift.framework */,
			);
			name = Products;
			sourceTree = "<group>";
		};
		F7E1B4B52D7E11ED005E295E /* Frameworks */ = {
			isa = PBXGroup;
			children = (
				F759937E2D7E482600ACB3ED /* SystemConfiguration.framework */,
				F759937C2D7E481B00ACB3ED /* CoreAudio.framework */,
				F759937A2D7E481400ACB3ED /* AudioUnit.framework */,
			);
			name = Frameworks;
			sourceTree = "<group>";
		};
/* End PBXGroup section */

/* Begin PBXHeadersBuildPhase section */
		F7E12EF82D7DF9D0005E295E /* Headers */ = {
			isa = PBXHeadersBuildPhase;
			buildActionMask = 2147483647;
			files = (
				F736C4BD2D86208800248303 /* SwiftBridgeCore.h in Headers */,
				F736C4BF2D86209600248303 /* respot_swift_gen.h in Headers */,
			);
			runOnlyForDeploymentPostprocessing = 0;
		};
/* End PBXHeadersBuildPhase section */

/* Begin PBXNativeTarget section */
		F7E12EFC2D7DF9D0005E295E /* LibrespotSwift */ = {
			isa = PBXNativeTarget;
			buildConfigurationList = F7E12F052D7DF9D0005E295E /* Build configuration list for PBXNativeTarget "LibrespotSwift" */;
			buildPhases = (
				F7E12EF92D7DF9D0005E295E /* Sources */,
				F75993932D7E4B1C00ACB3ED /* Embed Frameworks */,
				F7E12EFA2D7DF9D0005E295E /* Frameworks */,
				F7E12EFB2D7DF9D0005E295E /* Resources */,
				F7E12EF82D7DF9D0005E295E /* Headers */,
			);
			buildRules = (
			);
			dependencies = (
				F736C4C22D8620BA00248303 /* PBXTargetDependency */,
			);
			fileSystemSynchronizedGroups = (
				F7E12EFF2D7DF9D0005E295E /* LibrespotSwift */,
			);
			name = LibrespotSwift;
			packageProductDependencies = (
			);
			productName = LibrespotSwift;
			productReference = F7E12EFD2D7DF9D0005E295E /* LibrespotSwift.framework */;
			productType = "com.apple.product-type.framework";
		};
/* End PBXNativeTarget section */

/* Begin PBXProject section */
		F7E12EF42D7DF9D0005E295E /* Project object */ = {
			isa = PBXProject;
			attributes = {
				BuildIndependentTargetsInParallel = 1;
				LastUpgradeCheck = 1620;
				TargetAttributes = {
					F7E12EFC2D7DF9D0005E295E = {
						CreatedOnToolsVersion = 16.2;
					};
				};
			};
			buildConfigurationList = F7E12EF72D7DF9D0005E295E /* Build configuration list for PBXProject "LibrespotSwift" */;
			developmentRegion = en;
			hasScannedForEncodings = 0;
			knownRegions = (
				en,
				Base,
			);
			mainGroup = F7E12EF32D7DF9D0005E295E;
			minimizedProjectReferenceProxies = 1;
			preferredProjectObjectVersion = 77;
			projectDirPath = "";
			projectReferences = (
				{
					ProductGroup = F736C4B72D86206800248303 /* Products */;
					ProjectRef = F736C4B42D86206800248303 /* respot_swift_gen.xcodeproj */;
				},
			);
			projectRoot = "";
			targets = (
				F7E12EFC2D7DF9D0005E295E /* LibrespotSwift */,
			);
		};
/* End PBXProject section */

/* Begin PBXReferenceProxy section */
		F736C4BB2D86206800248303 /* librespot_swift_gen.a */ = {
			isa = PBXReferenceProxy;
			fileType = archive.ar;
			path = librespot_swift_gen.a;
			remoteRef = F736C4BA2D86206800248303 /* PBXContainerItemProxy */;
			sourceTree = BUILT_PRODUCTS_DIR;
		};
/* End PBXReferenceProxy section */

/* Begin PBXResourcesBuildPhase section */
		F7E12EFB2D7DF9D0005E295E /* Resources */ = {
			isa = PBXResourcesBuildPhase;
			buildActionMask = 2147483647;
			files = (
			);
			runOnlyForDeploymentPostprocessing = 0;
		};
/* End PBXResourcesBuildPhase section */

/* Begin PBXSourcesBuildPhase section */
		F7E12EF92D7DF9D0005E295E /* Sources */ = {
			isa = PBXSourcesBuildPhase;
			buildActionMask = 2147483647;
			files = (
				F759B7FB2D7E80D700ACB3ED /* LibrespotIOSProgressView.swift in Sources */,
				F759B7FC2D7E80D700ACB3ED /* LibrespotIOSAuthViewController.swift in Sources */,
				F759B7FD2D7E80D700ACB3ED /* LibrespotIOSWebViewController.swift in Sources */,
				F736C4BC2D86208300248303 /* SwiftBridgeCore.swift in Sources */,
				F736C4BE2D86209100248303 /* respot_swift_gen.swift in Sources */,
				F759B7FE2D7E80D700ACB3ED /* LibrespotPlayerEvents.swift in Sources */,
				F759B7FF2D7E80D700ACB3ED /* LibrespotLoginOptions.swift in Sources */,
				F759B8002D7E80D700ACB3ED /* LibrespotSession.swift in Sources */,
				F759B8012D7E80D700ACB3ED /* LibrespotError+Error.swift in Sources */,
				F759B8022D7E80D700ACB3ED /* LibrespotUtils.swift in Sources */,
				F759B8032D7E80D700ACB3ED /* LibrespotAuth.swift in Sources */,
				F759B8042D7E80D700ACB3ED /* Librespot.swift in Sources */,
			);
			runOnlyForDeploymentPostprocessing = 0;
		};
/* End PBXSourcesBuildPhase section */

/* Begin PBXTargetDependency section */
		F736C4C22D8620BA00248303 /* PBXTargetDependency */ = {
			isa = PBXTargetDependency;
			name = "respot_swift_gen.a (static library)";
			targetProxy = F736C4C12D8620BA00248303 /* PBXContainerItemProxy */;
		};
/* End PBXTargetDependency section */

/* Begin XCBuildConfiguration section */
		F7E12F062D7DF9D0005E295E /* Debug */ = {
			isa = XCBuildConfiguration;
			buildSettings = {
				ALLOW_TARGET_PLATFORM_SPECIALIZATION = YES;
				BUILD_LIBRARY_FOR_DISTRIBUTION = YES;
				CODE_SIGN_IDENTITY = "Apple Development";
				CODE_SIGN_STYLE = Automatic;
				CURRENT_PROJECT_VERSION = 1;
				DEFINES_MODULE = YES;
				DEVELOPMENT_TEAM = "";
				DYLIB_COMPATIBILITY_VERSION = 1;
				DYLIB_CURRENT_VERSION = 1;
				DYLIB_INSTALL_NAME_BASE = "@rpath";
				ENABLE_MODULE_VERIFIER = YES;
				GENERATE_INFOPLIST_FILE = YES;
				INFOPLIST_KEY_NSHumanReadableCopyright = "";
				INSTALL_PATH = "$(LOCAL_LIBRARY_DIR)/Frameworks";
				IPHONEOS_DEPLOYMENT_TARGET = 18.2;
				LD_RUNPATH_SEARCH_PATHS = (
					"@executable_path/Frameworks",
					"@loader_path/Frameworks",
				);
				"LD_RUNPATH_SEARCH_PATHS[sdk=macosx*]" = (
					"@executable_path/../Frameworks",
					"@loader_path/Frameworks",
				);
				MACOSX_DEPLOYMENT_TARGET = 15.2;
				MARKETING_VERSION = 1.0;
				MODULE_VERIFIER_SUPPORTED_LANGUAGES = "objective-c objective-c++";
				MODULE_VERIFIER_SUPPORTED_LANGUAGE_STANDARDS = "gnu17 gnu++20";
				PRODUCT_BUNDLE_IDENTIFIER = com.lufinkey.LibrespotSwift;
				PRODUCT_NAME = "$(TARGET_NAME:c99extidentifier)";
				SDKROOT = auto;
				SKIP_INSTALL = YES;
				SUPPORTED_PLATFORMS = "iphoneos iphonesimulator macosx";
				SUPPORTS_MACCATALYST = NO;
				SWIFT_EMIT_LOC_STRINGS = YES;
				SWIFT_INSTALL_OBJC_HEADER = NO;
				SWIFT_VERSION = 5.0;
				TARGETED_DEVICE_FAMILY = "1,2";
				XROS_DEPLOYMENT_TARGET = 2.2;
			};
			name = Debug;
		};
		F7E12F072D7DF9D0005E295E /* Release */ = {
			isa = XCBuildConfiguration;
			buildSettings = {
				ALLOW_TARGET_PLATFORM_SPECIALIZATION = YES;
				BUILD_LIBRARY_FOR_DISTRIBUTION = YES;
				CODE_SIGN_IDENTITY = "Apple Development";
				CODE_SIGN_STYLE = Automatic;
				CURRENT_PROJECT_VERSION = 1;
				DEFINES_MODULE = YES;
				DEVELOPMENT_TEAM = "";
				DYLIB_COMPATIBILITY_VERSION = 1;
				DYLIB_CURRENT_VERSION = 1;
				DYLIB_INSTALL_NAME_BASE = "@rpath";
				ENABLE_MODULE_VERIFIER = YES;
				GENERATE_INFOPLIST_FILE = YES;
				INFOPLIST_KEY_NSHumanReadableCopyright = "";
				INSTALL_PATH = "$(LOCAL_LIBRARY_DIR)/Frameworks";
				IPHONEOS_DEPLOYMENT_TARGET = 18.2;
				LD_RUNPATH_SEARCH_PATHS = (
					"@executable_path/Frameworks",
					"@loader_path/Frameworks",
				);
				"LD_RUNPATH_SEARCH_PATHS[sdk=macosx*]" = (
					"@executable_path/../Frameworks",
					"@loader_path/Frameworks",
				);
				MACOSX_DEPLOYMENT_TARGET = 15.2;
				MARKETING_VERSION = 1.0;
				MODULE_VERIFIER_SUPPORTED_LANGUAGES = "objective-c objective-c++";
				MODULE_VERIFIER_SUPPORTED_LANGUAGE_STANDARDS = "gnu17 gnu++20";
				PRODUCT_BUNDLE_IDENTIFIER = com.lufinkey.LibrespotSwift;
				PRODUCT_NAME = "$(TARGET_NAME:c99extidentifier)";
				SDKROOT = auto;
				SKIP_INSTALL = YES;
				SUPPORTED_PLATFORMS = "iphoneos iphonesimulator macosx";
				SUPPORTS_MACCATALYST = NO;
				SWIFT_EMIT_LOC_STRINGS = YES;
				SWIFT_INSTALL_OBJC_HEADER = NO;
				SWIFT_VERSION = 5.0;
				TARGETED_DEVICE_FAMILY = "1,2";
				XROS_DEPLOYMENT_TARGET = 2.2;
			};
			name = Release;
		};
		F7E12F082D7DF9D0005E295E /* Debug */ = {
			isa = XCBuildConfiguration;
			buildSettings = {
				ALWAYS_SEARCH_USER_PATHS = NO;
				ASSETCATALOG_COMPILER_GENERATE_SWIFT_ASSET_SYMBOL_EXTENSIONS = YES;
				CLANG_ANALYZER_NONNULL = YES;
				CLANG_ANALYZER_NUMBER_OBJECT_CONVERSION = YES_AGGRESSIVE;
				CLANG_CXX_LANGUAGE_STANDARD = "gnu++20";
				CLANG_ENABLE_MODULES = YES;
				CLANG_ENABLE_OBJC_ARC = YES;
				CLANG_ENABLE_OBJC_WEAK = YES;
				CLANG_WARN_BLOCK_CAPTURE_AUTORELEASING = YES;
				CLANG_WARN_BOOL_CONVERSION = YES;
				CLANG_WARN_COMMA = YES;
				CLANG_WARN_CONSTANT_CONVERSION = YES;
				CLANG_WARN_DEPRECATED_OBJC_IMPLEMENTATIONS = YES;
				CLANG_WARN_DIRECT_OBJC_ISA_USAGE = YES_ERROR;
				CLANG_WARN_DOCUMENTATION_COMMENTS = YES;
				CLANG_WARN_EMPTY_BODY = YES;
				CLANG_WARN_ENUM_CONVERSION = YES;
				CLANG_WARN_INFINITE_RECURSION = YES;
				CLANG_WARN_INT_CONVERSION = YES;
				CLANG_WARN_NON_LITERAL_NULL_CONVERSION = YES;
				CLANG_WARN_OBJC_IMPLICIT_RETAIN_SELF = YES;
				CLANG_WARN_OBJC_LITERAL_CONVERSION = YES;
				CLANG_WARN_OBJC_ROOT_CLASS = YES_ERROR;
				CLANG_WARN_QUOTED_INCLUDE_IN_FRAMEWORK_HEADER = YES;
				CLANG_WARN_RANGE_LOOP_ANALYSIS = YES;
				CLANG_WARN_STRICT_PROTOTYPES = YES;
				CLANG_WARN_SUSPICIOUS_MOVE = YES;
				CLANG_WARN_UNGUARDED_AVAILABILITY = YES_AGGRESSIVE;
				CLANG_WARN_UNREACHABLE_CODE = YES;
				CLANG_WARN__DUPLICATE_METHOD_MATCH = YES;
				COPY_PHASE_STRIP = NO;
				CURRENT_PROJECT_VERSION = 1;
				DEBUG_INFORMATION_FORMAT = dwarf;
				ENABLE_STRICT_OBJC_MSGSEND = YES;
				ENABLE_TESTABILITY = YES;
				ENABLE_USER_SCRIPT_SANDBOXING = YES;
				GCC_C_LANGUAGE_STANDARD = gnu17;
				GCC_DYNAMIC_NO_PIC = NO;
				GCC_NO_COMMON_BLOCKS = YES;
				GCC_OPTIMIZATION_LEVEL = 0;
				GCC_PREPROCESSOR_DEFINITIONS = (
					"DEBUG=1",
					"$(inherited)",
				);
				GCC_WARN_64_TO_32_BIT_CONVERSION = YES;
				GCC_WARN_ABOUT_RETURN_TYPE = YES_ERROR;
				GCC_WARN_UNDECLARED_SELECTOR = YES;
				GCC_WARN_UNINITIALIZED_AUTOS = YES_AGGRESSIVE;
				GCC_WARN_UNUSED_FUNCTION = YES;
				GCC_WARN_UNUSED_VARIABLE = YES;
				LOCALIZATION_PREFERS_STRING_CATALOGS = YES;
				MACH_O_TYPE = staticlib;
				MTL_ENABLE_DEBUG_INFO = INCLUDE_SOURCE;
				MTL_FAST_MATH = YES;
				ONLY_ACTIVE_ARCH = YES;
				SWIFT_ACTIVE_COMPILATION_CONDITIONS = "DEBUG $(inherited)";
				SWIFT_OPTIMIZATION_LEVEL = "-Onone";
				VERSIONING_SYSTEM = "apple-generic";
				VERSION_INFO_PREFIX = "";
			};
			name = Debug;
		};
		F7E12F092D7DF9D0005E295E /* Release */ = {
			isa = XCBuildConfiguration;
			buildSettings = {
				ALWAYS_SEARCH_USER_PATHS = NO;
				ASSETCATALOG_COMPILER_GENERATE_SWIFT_ASSET_SYMBOL_EXTENSIONS = YES;
				CLANG_ANALYZER_NONNULL = YES;
				CLANG_ANALYZER_NUMBER_OBJECT_CONVERSION = YES_AGGRESSIVE;
				CLANG_CXX_LANGUAGE_STANDARD = "gnu++20";
				CLANG_ENABLE_MODULES = YES;
				CLANG_ENABLE_OBJC_ARC = YES;
				CLANG_ENABLE_OBJC_WEAK = YES;
				CLANG_WARN_BLOCK_CAPTURE_AUTORELEASING = YES;
				CLANG_WARN_BOOL_CONVERSION = YES;
				CLANG_WARN_COMMA = YES;
				CLANG_WARN_CONSTANT_CONVERSION = YES;
				CLANG_WARN_DEPRECATED_OBJC_IMPLEMENTATIONS = YES;
				CLANG_WARN_DIRECT_OBJC_ISA_USAGE = YES_ERROR;
				CLANG_WARN_DOCUMENTATION_COMMENTS = YES;
				CLANG_WARN_EMPTY_BODY = YES;
				CLANG_WARN_ENUM_CONVERSION = YES;
				CLANG_WARN_INFINITE_RECURSION = YES;
				CLANG_WARN_INT_CONVERSION = YES;
				CLANG_WARN_NON_LITERAL_NULL_CONVERSION = YES;
				CLANG_WARN_OBJC_IMPLICIT_RETAIN_SELF = YES;
				CLANG_WARN_OBJC_LITERAL_CONVERSION = YES;
				CLANG_WARN_OBJC_ROOT_CLASS = YES_ERROR;
				CLANG_WARN_QUOTED_INCLUDE_IN_FRAMEWORK_HEADER = YES;
				CLANG_WARN_RANGE_LOOP_ANALYSIS = YES;
				CLANG_WARN_STRICT_PROTOTYPES = YES;
				CLANG_WARN_SUSPICIOUS_MOVE = YES;
				CLANG_WARN_UNGUARDED_AVAILABILITY = YES_AGGRESSIVE;
				CLANG_WARN_UNREACHABLE_CODE = YES;
				CLANG_WARN__DUPLICATE_METHOD_MATCH = YES;
				COPY_PHASE_STRIP = NO;
				CURRENT_PROJECT_VERSION = 1;
				DEBUG_INFORMATION_FORMAT = "dwarf-with-dsym";
				ENABLE_NS_ASSERTIONS = NO;
				ENABLE_STRICT_OBJC_MSGSEND = YES;
				ENABLE_USER_SCRIPT_SANDBOXING = YES;
				GCC_C_LANGUAGE_STANDARD = gnu17;
				GCC_NO_COMMON_BLOCKS = YES;
				GCC_WARN_64_TO_32_BIT_CONVERSION = YES;
				GCC_WARN_ABOUT_RETURN_TYPE = YES_ERROR;
				GCC_WARN_UNDECLARED_SELECTOR = YES;
				GCC_WARN_UNINITIALIZED_AUTOS = YES_AGGRESSIVE;
				GCC_WARN_UNUSED_FUNCTION = YES;
				GCC_WARN_UNUSED_VARIABLE = YES;
				LOCALIZATION_PREFERS_STRING_CATALOGS = YES;
				MACH_O_TYPE = staticlib;
				MTL_ENABLE_DEBUG_INFO = NO;
				MTL_FAST_MATH = YES;
				SWIFT_COMPILATION_MODE = wholemodule;
				VERSIONING_SYSTEM = "apple-generic";
				VERSION_INFO_PREFIX = "";
			};
			name = Release;
		};
/* End XCBuildConfiguration section */

/* Begin XCConfigurationList section */
		F7E12EF72D7DF9D0005E295E /* Build configuration list for PBXProject "LibrespotSwift" */ = {
			isa = XCConfigurationList;
			buildConfigurations = (
				F7E12F082D7DF9D0005E295E /* Debug */,
				F7E12F092D7DF9D0005E295E /* Release */,
			);
			defaultConfigurationIsVisible = 0;
			defaultConfigurationName = Release;
		};
		F7E12F052D7DF9D0005E295E /* Build configuration list for PBXNativeTarget "LibrespotSwift" */ = {
			isa = XCConfigurationList;
			buildConfigurations = (
				F7E12F062D7DF9D0005E295E /* Debug */,
				F7E12F072D7DF9D0005E295E /* Release */,
			);
			defaultConfigurationIsVisible = 0;
			defaultConfigurationName = Release;
		};
/* End XCConfigurationList section */
	};
	rootObject = F7E12EF42D7DF9D0005E295E /* Project object */;
}
